
Microsoft Visual Studio Solution File, Format Version 12.00
# Visual Studio Version 17
VisualStudioVersion = 17.6.33815.320
MinimumVisualStudioVersion = 10.0.40219.1
Project("{FAE04EC0-301F-11D3-BF4B-00C04F79EFBC}") = "Calcolatrice", "Calcolatrice\Calcolatrice.csproj", "{E2472310-46EB-4B0E-AA57-663D4C910769}"
EndProject
Global
	GlobalSection(SolutionConfigurationPlatforms) = preSolution
		Debug|Any CPU = Debug|Any CPU
		Release|Any CPU = Release|Any CPU
	EndGlobalSection
	GlobalSection(ProjectConfigurationPlatforms) = postSolution
		{E2472310-46EB-4B0E-AA57-663D4C910769}.Debug|Any CPU.ActiveCfg = Debug|Any CPU
		{E2472310-46EB-4B0E-AA57-663D4C910769}.Debug|Any CPU.Build.0 = Debug|Any CPU
		{E2472310-46EB-4B0E-AA57-663D4C910769}.Release|Any CPU.ActiveCfg = Release|Any CPU
		{E2472310-46EB-4B0E-AA57-663D4C910769}.Release|Any CPU.Build.0 = Release|Any CPU
	EndGlobalSection
	GlobalSection(SolutionProperties) = preSolution
		HideSolutionNode = FALSE
	EndGlobalSection
	GlobalSection(ExtensibilityGlobals) = postSolution
		SolutionGuid = {00A9BD6E-DD2B-4094-B488-3C1272BB05AF}
	EndGlobalSection
EndGlobal
